{
    "requires": true,
    "lockfileVersion": 1,
    "dependencies": {
        "colorette": {
            "version": "1.2.2",
            "resolved": "https://registry.npmjs.org/colorette/-/colorette-1.2.2.tgz",
            "integrity": "sha512-MKGMzyfeuutC/ZJ1cba9NqcNpfeqMUcYmyF1ZFY6/Cn7CNSAKx6a+s48sqLqyAiZuaP2TcqMhoo+dlwFnVxT9w==",
            "dev": true
        },
        "debug": {
            "version": "2.6.9",
            "resolved": "https://registry.npmjs.org/debug/-/debug-2.6.9.tgz",
            "integrity": "sha512-bC7ElrdJaJnPbAP+1EotYvqZsb3ecl5wi6Bfi6BJTUcNowp6cvspg0jXznRTKDjm/E7AdgFBVeAPVMNcKGsHMA==",
            "requires": {
                "ms": "2.0.0"
            }
        },
        "escpos-xml": {
            "version": "1.0.0",
            "resolved": "https://registry.npmjs.org/escpos-xml/-/escpos-xml-1.0.0.tgz",
            "integrity": "sha1-JQ3jJM/ny1TwOhgQYp7V7IZINZg=",
            "requires": {
                "handlebars": "^4.0.10",
                "lodash": "^4.17.4",
                "moment": "^2.18.1",
                "mutable-buffer": "^2.0.3",
                "numeral": "^2.0.6",
                "xml-parser": "^1.2.1"
            }
        },
        "handlebars": {
            "version": "4.7.7",
            "resolved": "https://registry.npmjs.org/handlebars/-/handlebars-4.7.7.tgz",
            "integrity": "sha512-aAcXm5OAfE/8IXkcZvCepKU3VzW1/39Fb5ZuqMtgI/hT8X2YgoMvBY5dLhq/cpOvw7Lk1nK/UF71aLG/ZnVYRA==",
            "requires": {
                "minimist": "^1.2.5",
                "neo-async": "^2.6.0",
                "source-map": "^0.6.1",
                "uglify-js": "^3.1.4",
                "wordwrap": "^1.0.0"
            }
        },
        "lodash": {
            "version": "4.17.21",
            "resolved": "https://registry.npmjs.org/lodash/-/lodash-4.17.21.tgz",
            "integrity": "sha512-v2kDEe57lecTulaDIuNTPy3Ry4gLGJ6Z1O3vE1krgXZNrsQ+LFTGHVxVjcXPs17LhbZVGedAJv8XZ1tvj5FvSg=="
        },
        "minimist": {
            "version": "1.2.5",
            "resolved": "https://registry.npmjs.org/minimist/-/minimist-1.2.5.tgz",
            "integrity": "sha512-FM9nNUYrRBAELZQT3xeZQ7fmMOBg6nWNmJKTcgsJeaLstP/UODVpGsr5OhXhhXg6f+qtJ8uiZ+PUxkDWcgIXLw=="
        },
        "moment": {
            "version": "2.29.1",
            "resolved": "https://registry.npmjs.org/moment/-/moment-2.29.1.tgz",
            "integrity": "sha512-kHmoybcPV8Sqy59DwNDY3Jefr64lK/by/da0ViFcuA4DH0vQg5Q6Ze5VimxkfQNSC+Mls/Kx53s7TjP1RhFEDQ=="
        },
        "ms": {
            "version": "2.0.0",
            "resolved": "https://registry.npmjs.org/ms/-/ms-2.0.0.tgz",
            "integrity": "sha1-VgiurfwAvmwpAd9fmGF4jeDVl8g="
        },
        "mutable-buffer": {
            "version": "2.2.5",
            "resolved": "https://registry.npmjs.org/mutable-buffer/-/mutable-buffer-2.2.5.tgz",
            "integrity": "sha512-7tcqEsTLRnxYzE57Gd0GrR/fBdD0SWd4nz4d3FPVgA3Xc6GWgrEFh2NCGZNVsHfAZQG+R09c04w03l/D3jN0dQ==",
            "requires": {
                "tslib": "^2.0.1"
            }
        },
        "nanoid": {
            "version": "3.1.22",
            "resolved": "https://registry.npmjs.org/nanoid/-/nanoid-3.1.22.tgz",
            "integrity": "sha512-/2ZUaJX2ANuLtTvqTlgqBQNJoQO398KyJgZloL0PZkC0dpysjncRUPsFe3DUPzz/y3h+u7C46np8RMuvF3jsSQ==",
            "dev": true
        },
        "neo-async": {
            "version": "2.6.2",
            "resolved": "https://registry.npmjs.org/neo-async/-/neo-async-2.6.2.tgz",
            "integrity": "sha512-Yd3UES5mWCSqR+qNT93S3UoYUkqAZ9lLg8a7g9rimsWmYGK8cVToA4/sF3RrshdyV3sAGMXVUmpMYOw+dLpOuw=="
        },
        "numeral": {
            "version": "2.0.6",
            "resolved": "https://registry.npmjs.org/numeral/-/numeral-2.0.6.tgz",
            "integrity": "sha1-StCAk21EPCVhrtnyGX7//iX05QY="
        },
        "postcss": {
            "version": "8.1.14",
            "resolved": "https://registry.npmjs.org/postcss/-/postcss-8.1.14.tgz",
            "integrity": "sha512-KatkyVPBKfENS+c3dpXJoDXnDD5UZs5exAnDksLqaRJPKwYphEPZt4N0m0i049v2/BtWVQibAhxW4ilXXcolpA==",
            "dev": true,
            "requires": {
                "colorette": "^1.2.1",
                "nanoid": "^3.1.20",
                "source-map": "^0.6.1"
            },
            "dependencies": {
                "source-map": {
                    "version": "0.6.1",
                    "resolved": "https://registry.npmjs.org/source-map/-/source-map-0.6.1.tgz",
                    "integrity": "sha512-UjgapumWlbMhkBgzT7Ykc5YXUT46F0iKu8SGXq0bcwP5dz/h0Plj6enJqjz1Zbq2l5WaqYnrVbwWOWMyF3F47g==",
                    "dev": true
                }
            }
        },
        "source-map": {
            "version": "0.6.1",
            "resolved": "https://registry.npmjs.org/source-map/-/source-map-0.6.1.tgz",
            "integrity": "sha512-UjgapumWlbMhkBgzT7Ykc5YXUT46F0iKu8SGXq0bcwP5dz/h0Plj6enJqjz1Zbq2l5WaqYnrVbwWOWMyF3F47g=="
        },
        "tslib": {
            "version": "2.1.0",
            "resolved": "https://registry.npmjs.org/tslib/-/tslib-2.1.0.tgz",
            "integrity": "sha512-hcVC3wYEziELGGmEEXue7D75zbwIIVUMWAVbHItGPx0ziyXxrOMQx4rQEVEV45Ut/1IotuEvwqPopzIOkDMf0A=="
        },
        "uglify-js": {
            "version": "3.13.2",
            "resolved": "https://registry.npmjs.org/uglify-js/-/uglify-js-3.13.2.tgz",
            "integrity": "sha512-SbMu4D2Vo95LMC/MetNaso1194M1htEA+JrqE9Hk+G2DhI+itfS9TRu9ZKeCahLDNa/J3n4MqUJ/fOHMzQpRWw==",
            "optional": true
        },
        "wordwrap": {
            "version": "1.0.0",
            "resolved": "https://registry.npmjs.org/wordwrap/-/wordwrap-1.0.0.tgz",
            "integrity": "sha1-J1hIEIkUVqQXHI0CJkQa3pDLyus="
        },
        "xml-parser": {
            "version": "1.2.1",
            "resolved": "https://registry.npmjs.org/xml-parser/-/xml-parser-1.2.1.tgz",
            "integrity": "sha1-wx9MNPKXXbgq0BMiISBZJzYVb80=",
            "requires": {
                "debug": "^2.2.0"
            }
        }
    }
}
